github.com/am-silex/lets_go_modules v0.0.0-20240525073127-c5fbc4b2fa4d h1:DBnQaa4tXnFpb0aQVWcIzv2CSBUd9zIQxjBIFZCzBQI=
github.com/am-silex/lets_go_modules v0.0.0-20240525073127-c5fbc4b2fa4d/go.mod h1:mvqf97zfe3ubZ70eDqX3bog3/2ogxC5Q1S58AaigYr4=
github.com/am-silex/lets_go_modules v1.1.0 h1:n3LHrPZw6hZ/bXW4qMJElDzSwyr0hgLaS/l+Mq6nHOE=
github.com/am-silex/lets_go_modules v1.1.0/go.mod h1:mvqf97zfe3ubZ70eDqX3bog3/2ogxC5Q1S58AaigYr4=
github.com/am-silex/lets_go_modules v1.2.0 h1:MPA9hRra+Fi9/yUr7+ilH95EJeyLSqPq0YLv4q4PAZo=
github.com/am-silex/lets_go_modules v1.2.0/go.mod h1:mvqf97zfe3ubZ70eDqX3bog3/2ogxC5Q1S58AaigYr4=
